# This file is autogenerated, do not edit; changes may be undone by the next 'dep ensure'.


[[projects]]
  branch = "master"
  name = "github.com/gomarkdown/markdown"
  packages = ["ast","parser"]
  revision = "ee6a7931a1e4b802c9ff93e4dabcabacf4cb91db"

[[projects]]
  name = "github.com/pkg/errors"
  packages = ["."]
  revision = "ba968bfe8b2f7e042a574c888954fccecfa385b4"
  version = "v0.8.1"

[solve-meta]
  analyzer-name = "dep"
  analyzer-version = 1
  inputs-digest = "468b87125e620b1450bf465ce9202e9e4ad644afb6714266240f78e1f3835fed"
  solver-name = "gps-cdcl"
  solver-version = 1
